{
  "name": "weiboevents-app",
  "version": "1.0.0",
  "lockfileVersion": 1,
  "requires": true,
  "dependencies": {
    "add-dom-event-listener": {
      "version": "1.0.2",
      "resolved": "http://registry.npm.taobao.org/add-dom-event-listener/download/add-dom-event-listener-1.0.2.tgz",
      "integrity": "sha1-j67SxBAIchzxEdodMNmVuFvkK+0=",
      "requires": {
        "object-assign": "4.1.1"
      }
    },
    "ajv": {
      "version": "5.5.2",
      "resolved": "http://registry.npm.taobao.org/ajv/download/ajv-5.5.2.tgz",
      "integrity": "sha1-c7Xuyj+rZT49P5Qis0GtQiBdyWU=",
      "requires": {
        "co": "4.6.0",
        "fast-deep-equal": "1.1.0",
        "fast-json-stable-stringify": "2.0.0",
        "json-schema-traverse": "0.3.1"
      }
    },
    "antd": {
      "version": "3.8.4",
      "resolved": "http://registry.npm.taobao.org/antd/download/antd-3.8.4.tgz",
      "integrity": "sha1-+isPsJYnoXdCd6VR77rnFUVf3nQ=",
      "requires": {
        "array-tree-filter": "2.1.0",
        "babel-runtime": "6.26.0",
        "classnames": "2.2.6",
        "create-react-class": "15.6.3",
        "create-react-context": "0.2.3",
        "css-animation": "1.4.1",
        "dom-closest": "0.2.0",
        "enquire.js": "2.1.6",
        "intersperse": "1.0.0",
        "lodash": "4.17.10",
        "moment": "2.22.2",
        "omit.js": "1.0.0",
        "prop-types": "15.6.2",
        "raf": "3.4.0",
        "rc-animate": "2.4.4",
        "rc-calendar": "9.6.2",
        "rc-cascader": "0.14.0",
        "rc-checkbox": "2.1.5",
        "rc-collapse": "1.9.3",
        "rc-dialog": "7.2.0",
        "rc-drawer": "1.7.3",
        "rc-dropdown": "2.2.0",
        "rc-editor-mention": "1.1.7",
        "rc-form": "2.2.1",
        "rc-input-number": "4.0.12",
        "rc-menu": "7.0.5",
        "rc-notification": "3.2.0",
        "rc-pagination": "1.16.5",
        "rc-progress": "2.2.5",
        "rc-rate": "2.4.2",
        "rc-select": "8.1.2",
        "rc-slider": "8.6.1",
        "rc-steps": "3.1.1",
        "rc-switch": "1.6.0",
        "rc-table": "6.2.9",
        "rc-tabs": "9.3.6",
        "rc-time-picker": "3.3.1",
        "rc-tooltip": "3.7.2",
        "rc-tree": "1.14.4",
        "rc-tree-select": "2.1.1",
        "rc-trigger": "2.5.4",
        "rc-upload": "2.5.1",
        "rc-util": "4.5.1",
        "react-lazy-load": "3.0.13",
        "react-lifecycles-compat": "3.0.4",
        "react-slick": "0.23.1",
        "shallowequal": "1.1.0",
        "warning": "4.0.2"
      }
    },
    "array-tree-filter": {
      "version": "2.1.0",
      "resolved": "http://registry.npm.taobao.org/array-tree-filter/download/array-tree-filter-2.1.0.tgz",
      "integrity": "sha1-hzrAD+yDdJ8lWsjdCDgUtPYykZA="
    },
    "asap": {
      "version": "2.0.6",
      "resolved": "http://registry.npm.taobao.org/asap/download/asap-2.0.6.tgz",
      "integrity": "sha1-5QNHYR1+aQlDIIu9r+vLwvuGbUY="
    },
    "asn1": {
      "version": "0.2.4",
      "resolved": "http://registry.npm.taobao.org/asn1/download/asn1-0.2.4.tgz",
      "integrity": "sha1-jSR136tVO7M+d7VOWeiAu4ziMTY=",
      "requires": {
        "safer-buffer": "2.1.2"
      }
    },
    "assert-plus": {
      "version": "1.0.0",
      "resolved": "http://registry.npm.taobao.org/assert-plus/download/assert-plus-1.0.0.tgz",
      "integrity": "sha1-8S4PPF13sLHN2RRpQuTpbB5N1SU="
    },
    "async-validator": {
      "version": "1.8.5",
      "resolved": "http://registry.npm.taobao.org/async-validator/download/async-validator-1.8.5.tgz",
      "integrity": "sha1-3D4I7B/Q3dtn5ghC8CwM0c7G1/A=",
      "requires": {
        "babel-runtime": "6.26.0"
      }
    },
    "asynckit": {
      "version": "0.4.0",
      "resolved": "http://registry.npm.taobao.org/asynckit/download/asynckit-0.4.0.tgz",
      "integrity": "sha1-x57Zf380y48robyXkLzDZkdLS3k="
    },
    "aws-sign2": {
      "version": "0.7.0",
      "resolved": "http://registry.npm.taobao.org/aws-sign2/download/aws-sign2-0.7.0.tgz",
      "integrity": "sha1-tG6JCTSpWR8tL2+G1+ap8bP+dqg="
    },
    "aws4": {
      "version": "1.8.0",
      "resolved": "http://registry.npm.taobao.org/aws4/download/aws4-1.8.0.tgz",
      "integrity": "sha1-8OAD2cqef1nHpQiUXXsu+aBKVC8="
    },
    "babel-runtime": {
      "version": "6.26.0",
      "resolved": "http://registry.npm.taobao.org/babel-runtime/download/babel-runtime-6.26.0.tgz",
      "integrity": "sha1-llxwWGaOgrVde/4E/yM3vItWR/4=",
      "requires": {
        "core-js": "2.5.7",
        "regenerator-runtime": "0.11.1"
      }
    },
    "bcrypt-pbkdf": {
      "version": "1.0.2",
      "resolved": "http://registry.npm.taobao.org/bcrypt-pbkdf/download/bcrypt-pbkdf-1.0.2.tgz",
      "integrity": "sha1-pDAdOJtqQ/m2f/PKEaP2Y342Dp4=",
      "optional": true,
      "requires": {
        "tweetnacl": "0.14.5"
      }
    },
    "caseless": {
      "version": "0.12.0",
      "resolved": "http://registry.npm.taobao.org/caseless/download/caseless-0.12.0.tgz",
      "integrity": "sha1-G2gcIf+EAzyCZUMJBolCDRhxUdw="
    },
    "classnames": {
      "version": "2.2.6",
      "resolved": "http://registry.npm.taobao.org/classnames/download/classnames-2.2.6.tgz",
      "integrity": "sha1-Q5Nb/90pHzJtrQogUwmzjQD2UM4="
    },
    "co": {
      "version": "4.6.0",
      "resolved": "http://registry.npm.taobao.org/co/download/co-4.6.0.tgz",
      "integrity": "sha1-bqa989hTrlTMuOR7+gvz+QMfsYQ="
    },
    "combined-stream": {
      "version": "1.0.6",
      "resolved": "http://registry.npm.taobao.org/combined-stream/download/combined-stream-1.0.6.tgz",
      "integrity": "sha1-cj599ugBrFYTETp+RFqbactjKBg=",
      "requires": {
        "delayed-stream": "1.0.0"
      }
    },
    "component-classes": {
      "version": "1.2.6",
      "resolved": "http://registry.npm.taobao.org/component-classes/download/component-classes-1.2.6.tgz",
      "integrity": "sha1-xkI5TDYYpNiwuJGe/Mu9kw5c1pE=",
      "requires": {
        "component-indexof": "0.0.3"
      }
    },
    "component-indexof": {
      "version": "0.0.3",
      "resolved": "http://registry.npm.taobao.org/component-indexof/download/component-indexof-0.0.3.tgz",
      "integrity": "sha1-EdCRMSI5648yyPJa6csAL/6NPCQ="
    },
    "core-js": {
      "version": "2.5.7",
      "resolved": "http://registry.npm.taobao.org/core-js/download/core-js-2.5.7.tgz",
      "integrity": "sha1-+XJgj/DOrWi4QaFqky0LGDeRgU4="
    },
    "core-util-is": {
      "version": "1.0.2",
      "resolved": "http://registry.npm.taobao.org/core-util-is/download/core-util-is-1.0.2.tgz",
      "integrity": "sha1-tf1UIgqivFq1eqtxQMlAdUUDwac="
    },
    "create-react-class": {
      "version": "15.6.3",
      "resolved": "http://registry.npm.taobao.org/create-react-class/download/create-react-class-15.6.3.tgz",
      "integrity": "sha1-LXMjf7P5cK5uvgEanmb0bbyoADY=",
      "requires": {
        "fbjs": "0.8.17",
        "loose-envify": "1.4.0",
        "object-assign": "4.1.1"
      }
    },
    "create-react-context": {
      "version": "0.2.3",
      "resolved": "http://registry.npm.taobao.org/create-react-context/download/create-react-context-0.2.3.tgz",
      "integrity": "sha1-nsFAppFKIu8EuLCbd3HeiVZ8tvM=",
      "requires": {
        "fbjs": "0.8.17",
        "gud": "1.0.0"
      }
    },
    "css-animation": {
      "version": "1.4.1",
      "resolved": "http://registry.npm.taobao.org/css-animation/download/css-animation-1.4.1.tgz",
      "integrity": "sha1-W4gTEl3g+7uwu+G0cq6EIhRpt6g=",
      "requires": {
        "babel-runtime": "6.26.0",
        "component-classes": "1.2.6"
      }
    },
    "dashdash": {
      "version": "1.14.1",
      "resolved": "http://registry.npm.taobao.org/dashdash/download/dashdash-1.14.1.tgz",
      "integrity": "sha1-hTz6D3y+L+1d4gMmuN1YEDX24vA=",
      "requires": {
        "assert-plus": "1.0.0"
      }
    },
    "delayed-stream": {
      "version": "1.0.0",
      "resolved": "http://registry.npm.taobao.org/delayed-stream/download/delayed-stream-1.0.0.tgz",
      "integrity": "sha1-3zrhmayt+31ECqrgsp4icrJOxhk="
    },
    "dom-align": {
      "version": "1.8.0",
      "resolved": "http://registry.npm.taobao.org/dom-align/download/dom-align-1.8.0.tgz",
      "integrity": "sha1-wOibW2dMboNs0kjFLCmSE18JNlQ="
    },
    "dom-closest": {
      "version": "0.2.0",
      "resolved": "http://registry.npm.taobao.org/dom-closest/download/dom-closest-0.2.0.tgz",
      "integrity": "sha1-69n5HRvyLo1vR3h2u80+yQIWwM8=",
      "requires": {
        "dom-matches": "2.0.0"
      }
    },
    "dom-matches": {
      "version": "2.0.0",
      "resolved": "http://registry.npm.taobao.org/dom-matches/download/dom-matches-2.0.0.tgz",
      "integrity": "sha1-0nKLQWqHUzmA6wibhI0lPPI6dYw="
    },
    "dom-scroll-into-view": {
      "version": "1.2.1",
      "resolved": "http://registry.npm.taobao.org/dom-scroll-into-view/download/dom-scroll-into-view-1.2.1.tgz",
      "integrity": "sha1-6PNnMt0ImwIBqI14Fdw/iObWbH4="
    },
    "draft-js": {
      "version": "0.10.5",
      "resolved": "http://registry.npm.taobao.org/draft-js/download/draft-js-0.10.5.tgz",
      "integrity": "sha1-v6m+sBj+BTPbsI1mdcNxprCPp0I=",
      "requires": {
        "fbjs": "0.8.17",
        "immutable": "3.7.6",
        "object-assign": "4.1.1"
      }
    },
    "ecc-jsbn": {
      "version": "0.1.2",
      "resolved": "http://registry.npm.taobao.org/ecc-jsbn/download/ecc-jsbn-0.1.2.tgz",
      "integrity": "sha1-OoOpBOVDUyh4dMVkt1SThoSamMk=",
      "optional": true,
      "requires": {
        "jsbn": "0.1.1",
        "safer-buffer": "2.1.2"
      }
    },
    "encoding": {
      "version": "0.1.12",
      "resolved": "http://registry.npm.taobao.org/encoding/download/encoding-0.1.12.tgz",
      "integrity": "sha1-U4tm8+5izRq1HsMjgp0flIDHS+s=",
      "requires": {
        "iconv-lite": "0.4.24"
      }
    },
    "enquire.js": {
      "version": "2.1.6",
      "resolved": "http://registry.npm.taobao.org/enquire.js/download/enquire.js-2.1.6.tgz",
      "integrity": "sha1-PoeAybi4NQhMP2DhZtvDwqPImBQ="
    },
    "eventlistener": {
      "version": "0.0.1",
      "resolved": "http://registry.npm.taobao.org/eventlistener/download/eventlistener-0.0.1.tgz",
      "integrity": "sha1-7Suqu4UiJ68rz4iRUscsY8pTLrg="
    },
    "extend": {
      "version": "3.0.2",
      "resolved": "http://registry.npm.taobao.org/extend/download/extend-3.0.2.tgz",
      "integrity": "sha1-+LETa0Bx+9jrFAr/hYsQGewpFfo="
    },
    "extsprintf": {
      "version": "1.3.0",
      "resolved": "http://registry.npm.taobao.org/extsprintf/download/extsprintf-1.3.0.tgz",
      "integrity": "sha1-lpGEQOMEGnpBT4xS48V06zw+HgU="
    },
    "fast-deep-equal": {
      "version": "1.1.0",
      "resolved": "http://registry.npm.taobao.org/fast-deep-equal/download/fast-deep-equal-1.1.0.tgz",
      "integrity": "sha1-wFNHeBfIa1HaqFPIHgWbcz0CNhQ="
    },
    "fast-json-stable-stringify": {
      "version": "2.0.0",
      "resolved": "http://registry.npm.taobao.org/fast-json-stable-stringify/download/fast-json-stable-stringify-2.0.0.tgz",
      "integrity": "sha1-1RQsDK7msRifh9OnYREGT4bIu/I="
    },
    "fbjs": {
      "version": "0.8.17",
      "resolved": "http://registry.npm.taobao.org/fbjs/download/fbjs-0.8.17.tgz",
      "integrity": "sha1-xNWY6taUkRJlPWWIsBpc3Nn5D90=",
      "requires": {
        "core-js": "1.2.7",
        "isomorphic-fetch": "2.2.1",
        "loose-envify": "1.4.0",
        "object-assign": "4.1.1",
        "promise": "7.3.1",
        "setimmediate": "1.0.5",
        "ua-parser-js": "0.7.18"
      },
      "dependencies": {
        "core-js": {
          "version": "1.2.7",
          "resolved": "http://registry.npm.taobao.org/core-js/download/core-js-1.2.7.tgz",
          "integrity": "sha1-ZSKUwUZR2yj6k70tX/KYOk8IxjY="
        }
      }
    },
    "file-saver": {
      "version": "1.3.8",
      "resolved": "http://registry.npm.taobao.org/file-saver/download/file-saver-1.3.8.tgz",
      "integrity": "sha1-5oowx8sETi+zYrQoRp/rKRwuCdg="
    },
    "forever-agent": {
      "version": "0.6.1",
      "resolved": "http://registry.npm.taobao.org/forever-agent/download/forever-agent-0.6.1.tgz",
      "integrity": "sha1-+8cfDEGt6zf5bFd60e1C2P2sypE="
    },
    "form-data": {
      "version": "2.3.2",
      "resolved": "http://registry.npm.taobao.org/form-data/download/form-data-2.3.2.tgz",
      "integrity": "sha1-SXBJi+YEwgwAXU9cI67NIda0kJk=",
      "requires": {
        "asynckit": "0.4.0",
        "combined-stream": "1.0.6",
        "mime-types": "2.1.20"
      }
    },
    "getpass": {
      "version": "0.1.7",
      "resolved": "http://registry.npm.taobao.org/getpass/download/getpass-0.1.7.tgz",
      "integrity": "sha1-Xv+OPmhNVprkyysSgmBOi6YhSfo=",
      "requires": {
        "assert-plus": "1.0.0"
      }
    },
    "gud": {
      "version": "1.0.0",
      "resolved": "http://registry.npm.taobao.org/gud/download/gud-1.0.0.tgz",
      "integrity": "sha1-pIlYGxfmpwvsqavjrlfeekmYUsA="
    },
    "hammerjs": {
      "version": "2.0.8",
      "resolved": "http://registry.npm.taobao.org/hammerjs/download/hammerjs-2.0.8.tgz",
      "integrity": "sha1-BO93hiz/K7edMPdpIJWTAiK/YPE="
    },
    "har-schema": {
      "version": "2.0.0",
      "resolved": "http://registry.npm.taobao.org/har-schema/download/har-schema-2.0.0.tgz",
      "integrity": "sha1-qUwiJOvKwEeCoNkDVSHyRzW37JI="
    },
    "har-validator": {
      "version": "5.1.0",
      "resolved": "http://registry.npm.taobao.org/har-validator/download/har-validator-5.1.0.tgz",
      "integrity": "sha1-RGV/VoiiLP1LckhugbOj+xF0LCk=",
      "requires": {
        "ajv": "5.5.2",
        "har-schema": "2.0.0"
      }
    },
    "hoist-non-react-statics": {
      "version": "2.5.5",
      "resolved": "http://registry.npm.taobao.org/hoist-non-react-statics/download/hoist-non-react-statics-2.5.5.tgz",
      "integrity": "sha1-xZA89AnA39kI84jmGdhrnBF0y0c="
    },
    "http-signature": {
      "version": "1.2.0",
      "resolved": "http://registry.npm.taobao.org/http-signature/download/http-signature-1.2.0.tgz",
      "integrity": "sha1-muzZJRFHcvPZW2WmCruPfBj7rOE=",
      "requires": {
        "assert-plus": "1.0.0",
        "jsprim": "1.4.1",
        "sshpk": "1.14.2"
      }
    },
    "iconv-lite": {
      "version": "0.4.24",
      "resolved": "http://registry.npm.taobao.org/iconv-lite/download/iconv-lite-0.4.24.tgz",
      "integrity": "sha1-ICK0sl+93CHS9SSXSkdKr+czkIs=",
      "requires": {
        "safer-buffer": "2.1.2"
      }
    },
    "immutable": {
      "version": "3.7.6",
      "resolved": "http://registry.npm.taobao.org/immutable/download/immutable-3.7.6.tgz",
      "integrity": "sha1-E7TTyxK++hVIKib+Gy665kAHHks="
    },
    "intersperse": {
      "version": "1.0.0",
      "resolved": "http://registry.npm.taobao.org/intersperse/download/intersperse-1.0.0.tgz",
      "integrity": "sha1-8lYfsc/vn1J3zDNHoiiGtDUaUYE="
    },
    "is-negative-zero": {
      "version": "2.0.0",
      "resolved": "http://registry.npm.taobao.org/is-negative-zero/download/is-negative-zero-2.0.0.tgz",
      "integrity": "sha1-lVOxIbD6wohp2p7UWeIMdUN4hGE="
    },
    "is-stream": {
      "version": "1.1.0",
      "resolved": "http://registry.npm.taobao.org/is-stream/download/is-stream-1.1.0.tgz",
      "integrity": "sha1-EtSj3U5o4Lec6428hBc66A2RykQ="
    },
    "is-typedarray": {
      "version": "1.0.0",
      "resolved": "http://registry.npm.taobao.org/is-typedarray/download/is-typedarray-1.0.0.tgz",
      "integrity": "sha1-5HnICFjfDBsR3dppQPlgEfzaSpo="
    },
    "isomorphic-fetch": {
      "version": "2.2.1",
      "resolved": "http://registry.npm.taobao.org/isomorphic-fetch/download/isomorphic-fetch-2.2.1.tgz",
      "integrity": "sha1-YRrhrPFPXoH3KVB0coGf6XM1WKk=",
      "requires": {
        "node-fetch": "1.7.3",
        "whatwg-fetch": "2.0.4"
      }
    },
    "isstream": {
      "version": "0.1.2",
      "resolved": "http://registry.npm.taobao.org/isstream/download/isstream-0.1.2.tgz",
      "integrity": "sha1-R+Y/evVa+m+S4VAOaQ64uFKcCZo="
    },
    "js-tokens": {
      "version": "4.0.0",
      "resolved": "http://registry.npm.taobao.org/js-tokens/download/js-tokens-4.0.0.tgz",
      "integrity": "sha1-GSA/tZmR35jjoocFDUZHzerzJJk="
    },
    "jsbn": {
      "version": "0.1.1",
      "resolved": "http://registry.npm.taobao.org/jsbn/download/jsbn-0.1.1.tgz",
      "integrity": "sha1-peZUwuWi3rXyAdls77yoDA7y9RM=",
      "optional": true
    },
    "json-schema": {
      "version": "0.2.3",
      "resolved": "http://registry.npm.taobao.org/json-schema/download/json-schema-0.2.3.tgz",
      "integrity": "sha1-tIDIkuWaLwWVTOcnvT8qTogvnhM="
    },
    "json-schema-traverse": {
      "version": "0.3.1",
      "resolved": "http://registry.npm.taobao.org/json-schema-traverse/download/json-schema-traverse-0.3.1.tgz",
      "integrity": "sha1-NJptRMU6Ud6JtAgFxdXlm0F9M0A="
    },
    "json-stringify-safe": {
      "version": "5.0.1",
      "resolved": "http://registry.npm.taobao.org/json-stringify-safe/download/json-stringify-safe-5.0.1.tgz",
      "integrity": "sha1-Epai1Y/UXxmg9s4B1lcB4sc1tus="
    },
    "json2mq": {
      "version": "0.2.0",
      "resolved": "http://registry.npm.taobao.org/json2mq/download/json2mq-0.2.0.tgz",
      "integrity": "sha1-tje9O6nqvhIsg+lyBIOusQ0skEo=",
      "requires": {
        "string-convert": "0.2.1"
      }
    },
    "jsprim": {
      "version": "1.4.1",
      "resolved": "http://registry.npm.taobao.org/jsprim/download/jsprim-1.4.1.tgz",
      "integrity": "sha1-MT5mvB5cwG5Di8G3SZwuXFastqI=",
      "requires": {
        "assert-plus": "1.0.0",
        "extsprintf": "1.3.0",
        "json-schema": "0.2.3",
        "verror": "1.10.0"
      }
    },
    "lodash": {
      "version": "4.17.10",
      "resolved": "http://registry.npm.taobao.org/lodash/download/lodash-4.17.10.tgz",
      "integrity": "sha1-G3eTz3JZ6jj7NmHU04syYK+K5Oc="
    },
    "lodash._getnative": {
      "version": "3.9.1",
      "resolved": "http://registry.npm.taobao.org/lodash._getnative/download/lodash._getnative-3.9.1.tgz",
      "integrity": "sha1-VwvH3t5G1hzc3mh9ZdPuy6o6r/U="
    },
    "lodash.debounce": {
      "version": "4.0.8",
      "resolved": "http://registry.npm.taobao.org/lodash.debounce/download/lodash.debounce-4.0.8.tgz",
      "integrity": "sha1-gteb/zCmfEAF/9XiUVMArZyk168="
    },
    "lodash.isarguments": {
      "version": "3.1.0",
      "resolved": "http://registry.npm.taobao.org/lodash.isarguments/download/lodash.isarguments-3.1.0.tgz",
      "integrity": "sha1-L1c9hcaiQon/AGY7SRwdM4/zRYo="
    },
    "lodash.isarray": {
      "version": "3.0.4",
      "resolved": "http://registry.npm.taobao.org/lodash.isarray/download/lodash.isarray-3.0.4.tgz",
      "integrity": "sha1-eeTriMNqgSKvhvhEqpvNhRtfu1U="
    },
    "lodash.keys": {
      "version": "3.1.2",
      "resolved": "http://registry.npm.taobao.org/lodash.keys/download/lodash.keys-3.1.2.tgz",
      "integrity": "sha1-TbwEcrFWvlCgsoaFXRvQsMZWCYo=",
      "requires": {
        "lodash._getnative": "3.9.1",
        "lodash.isarguments": "3.1.0",
        "lodash.isarray": "3.0.4"
      }
    },
    "lodash.throttle": {
      "version": "4.1.1",
      "resolved": "http://registry.npm.taobao.org/lodash.throttle/download/lodash.throttle-4.1.1.tgz",
      "integrity": "sha1-wj6RtxAkKscMN/HhzaknTMOb8vQ="
    },
    "loose-envify": {
      "version": "1.4.0",
      "resolved": "http://registry.npm.taobao.org/loose-envify/download/loose-envify-1.4.0.tgz",
      "integrity": "sha1-ce5R+nvkyuwaY4OffmgtgTLTDK8=",
      "requires": {
        "js-tokens": "4.0.0"
      }
    },
    "mime-db": {
      "version": "1.36.0",
      "resolved": "http://registry.npm.taobao.org/mime-db/download/mime-db-1.36.0.tgz",
      "integrity": "sha1-UCBHjbPH/pOq17vMTc+GnEM2M5c="
    },
    "mime-types": {
      "version": "2.1.20",
      "resolved": "http://registry.npm.taobao.org/mime-types/download/mime-types-2.1.20.tgz",
      "integrity": "sha1-kwy3GdVx6QNzhSD4RwkRVIyizBk=",
      "requires": {
        "mime-db": "1.36.0"
      }
    },
    "mini-store": {
      "version": "1.1.2",
      "resolved": "http://registry.npm.taobao.org/mini-store/download/mini-store-1.1.2.tgz",
      "integrity": "sha1-zBUOCHjggMpYIZ1H/M7+/iya6j4=",
      "requires": {
        "hoist-non-react-statics": "2.5.5",
        "prop-types": "15.6.2",
        "react-lifecycles-compat": "3.0.4",
        "shallowequal": "1.1.0"
      }
    },
    "moment": {
      "version": "2.22.2",
      "resolved": "http://registry.npm.taobao.org/moment/download/moment-2.22.2.tgz",
      "integrity": "sha1-PCV/mDn8DpP/UxSWMiOeuQeD/2Y="
    },
    "node-fetch": {
      "version": "1.7.3",
      "resolved": "http://registry.npm.taobao.org/node-fetch/download/node-fetch-1.7.3.tgz",
      "integrity": "sha1-mA9vcthSEaU0fGsrwYxbhMPrR+8=",
      "requires": {
        "encoding": "0.1.12",
        "is-stream": "1.1.0"
      }
    },
    "oauth-sign": {
      "version": "0.9.0",
      "resolved": "http://registry.npm.taobao.org/oauth-sign/download/oauth-sign-0.9.0.tgz",
      "integrity": "sha1-R6ewFrqmi1+g7PPe4IqFxnmsZFU="
    },
    "object-assign": {
      "version": "4.1.1",
      "resolved": "http://registry.npm.taobao.org/object-assign/download/object-assign-4.1.1.tgz",
      "integrity": "sha1-IQmtx5ZYh8/AXLvUQsrIv7s2CGM="
    },
    "omit.js": {
      "version": "1.0.0",
      "resolved": "http://registry.npm.taobao.org/omit.js/download/omit.js-1.0.0.tgz",
      "integrity": "sha1-4BPLhqdRe5z298+w3bQpclapkog=",
      "requires": {
        "babel-runtime": "6.26.0"
      }
    },
    "performance-now": {
      "version": "2.1.0",
      "resolved": "http://registry.npm.taobao.org/performance-now/download/performance-now-2.1.0.tgz",
      "integrity": "sha1-Ywn04OX6kT7BxpMHrjZLSzd8nns="
    },
    "promise": {
      "version": "7.3.1",
      "resolved": "http://registry.npm.taobao.org/promise/download/promise-7.3.1.tgz",
      "integrity": "sha1-BktyYCsY+Q8pGSuLG8QY/9Hr078=",
      "requires": {
        "asap": "2.0.6"
      }
    },
    "prop-types": {
      "version": "15.6.2",
      "resolved": "http://registry.npm.taobao.org/prop-types/download/prop-types-15.6.2.tgz",
      "integrity": "sha1-BdXKd7RFPphdYPx/+MhZCUpJcQI=",
      "requires": {
        "loose-envify": "1.4.0",
        "object-assign": "4.1.1"
      }
    },
    "psl": {
      "version": "1.1.29",
      "resolved": "http://registry.npm.taobao.org/psl/download/psl-1.1.29.tgz",
      "integrity": "sha1-YPWA02AXC7cip5fMcEQR5tqFDGc="
    },
    "punycode": {
      "version": "1.4.1",
      "resolved": "http://registry.npm.taobao.org/punycode/download/punycode-1.4.1.tgz",
      "integrity": "sha1-wNWmOycYgArY4esPpSachN1BhF4="
    },
    "qs": {
      "version": "6.5.2",
      "resolved": "http://registry.npm.taobao.org/qs/download/qs-6.5.2.tgz",
      "integrity": "sha1-yzroBuh0BERYTvFUzo7pjUA/PjY="
    },
    "raf": {
      "version": "3.4.0",
      "resolved": "http://registry.npm.taobao.org/raf/download/raf-3.4.0.tgz",
      "integrity": "sha1-ooh2iBtLwsqRF9QTgWPduA94FXU=",
      "requires": {
        "performance-now": "2.1.0"
      }
    },
    "rc-align": {
      "version": "2.4.3",
      "resolved": "http://registry.npm.taobao.org/rc-align/download/rc-align-2.4.3.tgz",
      "integrity": "sha1-ubPCptaK2ucajh0EHNXjsqZV+Zo=",
      "requires": {
        "babel-runtime": "6.26.0",
        "dom-align": "1.8.0",
        "prop-types": "15.6.2",
        "rc-util": "4.5.1"
      }
    },
    "rc-animate": {
      "version": "2.4.4",
      "resolved": "http://registry.npm.taobao.org/rc-animate/download/rc-animate-2.4.4.tgz",
      "integrity": "sha1-oFp4THR77vFA2Z/1K2EXcRvvSx4=",
      "requires": {
        "babel-runtime": "6.26.0",
        "css-animation": "1.4.1",
        "prop-types": "15.6.2"
      }
    },
    "rc-calendar": {
      "version": "9.6.2",
      "resolved": "http://registry.npm.taobao.org/rc-calendar/download/rc-calendar-9.6.2.tgz",
      "integrity": "sha1-xzCdtBIl9LjIHVody+RtjOB7au4=",
      "requires": {
        "babel-runtime": "6.26.0",
        "classnames": "2.2.6",
        "create-react-class": "15.6.3",
        "moment": "2.22.2",
        "prop-types": "15.6.2",
        "rc-trigger": "2.5.4",
        "rc-util": "4.5.1"
      }
    },
    "rc-cascader": {
      "version": "0.14.0",
      "resolved": "http://registry.npm.taobao.org/rc-cascader/download/rc-cascader-0.14.0.tgz",
      "integrity": "sha1-qVbJmJbxCIO/Y9RvuJTQyzJoQqQ=",
      "requires": {
        "array-tree-filter": "1.0.1",
        "prop-types": "15.6.2",
        "rc-trigger": "2.5.4",
        "rc-util": "4.5.1",
        "shallow-equal": "1.0.0",
        "warning": "4.0.2"
      },
      "dependencies": {
        "array-tree-filter": {
          "version": "1.0.1",
          "resolved": "http://registry.npm.taobao.org/array-tree-filter/download/array-tree-filter-1.0.1.tgz",
          "integrity": "sha1-CorR7v04zoiFhjL5zAQj12NOTV0="
        }
      }
    },
    "rc-checkbox": {
      "version": "2.1.5",
      "resolved": "http://registry.npm.taobao.org/rc-checkbox/download/rc-checkbox-2.1.5.tgz",
      "integrity": "sha1-QRhYRIwO4qeX74VE2sY7yu73Iu8=",
      "requires": {
        "babel-runtime": "6.26.0",
        "classnames": "2.2.6",
        "prop-types": "15.6.2",
        "rc-util": "4.5.1"
      }
    },
    "rc-collapse": {
      "version": "1.9.3",
      "resolved": "http://registry.npm.taobao.org/rc-collapse/download/rc-collapse-1.9.3.tgz",
      "integrity": "sha1-2XQdsGqCM1Ph/RrsO6TA+divSyY=",
      "requires": {
        "classnames": "2.2.6",
        "css-animation": "1.4.1",
        "prop-types": "15.6.2",
        "rc-animate": "2.4.4"
      }
    },
    "rc-dialog": {
      "version": "7.2.0",
      "resolved": "http://registry.npm.taobao.org/rc-dialog/download/rc-dialog-7.2.0.tgz",
      "integrity": "sha1-tWotOlYANDfW/4kX6saw/GAZNqs=",
      "requires": {
        "babel-runtime": "6.26.0",
        "rc-animate": "2.4.4",
        "rc-util": "4.5.1"
      }
    },
    "rc-drawer": {
      "version": "1.7.3",
      "resolved": "http://registry.npm.taobao.org/rc-drawer/download/rc-drawer-1.7.3.tgz",
      "integrity": "sha1-wY4Q8xu6bOiILL2zUXYPwS/Ctdo=",
      "requires": {
        "babel-runtime": "6.26.0",
        "classnames": "2.2.6",
        "prop-types": "15.6.2",
        "rc-util": "4.5.1"
      }
    },
    "rc-dropdown": {
      "version": "2.2.0",
      "resolved": "http://registry.npm.taobao.org/rc-dropdown/download/rc-dropdown-2.2.0.tgz",
      "integrity": "sha1-qQUGdmbOc8DOJs8JgOe3W0YSaCU=",
      "requires": {
        "babel-runtime": "6.26.0",
        "prop-types": "15.6.2",
        "rc-trigger": "2.5.4",
        "react-lifecycles-compat": "3.0.4"
      }
    },
    "rc-editor-core": {
      "version": "0.8.6",
      "resolved": "http://registry.npm.taobao.org/rc-editor-core/download/rc-editor-core-0.8.6.tgz",
      "integrity": "sha1-5Isogobv+zJyy8nG+AFFDc2wskc=",
      "requires": {
        "babel-runtime": "6.26.0",
        "classnames": "2.2.6",
        "draft-js": "0.10.5",
        "immutable": "3.7.6",
        "lodash": "4.17.10",
        "prop-types": "15.6.2",
        "setimmediate": "1.0.5"
      }
    },
    "rc-editor-mention": {
      "version": "1.1.7",
      "resolved": "http://registry.npm.taobao.org/rc-editor-mention/download/rc-editor-mention-1.1.7.tgz",
      "integrity": "sha1-xy0YGFm+2pZmn0tD4ZqUHmj6mFs=",
      "requires": {
        "babel-runtime": "6.26.0",
        "classnames": "2.2.6",
        "dom-scroll-into-view": "1.2.1",
        "draft-js": "0.10.5",
        "prop-types": "15.6.2",
        "rc-animate": "2.4.4",
        "rc-editor-core": "0.8.6"
      }
    },
    "rc-form": {
      "version": "2.2.1",
      "resolved": "http://registry.npm.taobao.org/rc-form/download/rc-form-2.2.1.tgz",
      "integrity": "sha1-nG2WjxRg/Thy0uk3EyTXF3da8mA=",
      "requires": {
        "async-validator": "1.8.5",
        "babel-runtime": "6.26.0",
        "create-react-class": "15.6.3",
        "dom-scroll-into-view": "1.2.1",
        "hoist-non-react-statics": "2.5.5",
        "lodash": "4.17.10",
        "warning": "3.0.0"
      },
      "dependencies": {
        "warning": {
          "version": "3.0.0",
          "resolved": "http://registry.npm.taobao.org/warning/download/warning-3.0.0.tgz",
          "integrity": "sha1-MuU3fLVy3kqwR1O9+IIcAe1gW3w=",
          "requires": {
            "loose-envify": "1.4.0"
          }
        }
      }
    },
    "rc-hammerjs": {
      "version": "0.6.9",
      "resolved": "http://registry.npm.taobao.org/rc-hammerjs/download/rc-hammerjs-0.6.9.tgz",
      "integrity": "sha1-mk3b2hsuyPm5WWCRpqmJhCokOQc=",
      "requires": {
        "babel-runtime": "6.26.0",
        "hammerjs": "2.0.8",
        "prop-types": "15.6.2"
      }
    },
    "rc-input-number": {
      "version": "4.0.12",
      "resolved": "http://registry.npm.taobao.org/rc-input-number/download/rc-input-number-4.0.12.tgz",
      "integrity": "sha1-mbYvCyOV4edsn3IUK0rX6kb5fQY=",
      "requires": {
        "babel-runtime": "6.26.0",
        "classnames": "2.2.6",
        "is-negative-zero": "2.0.0",
        "prop-types": "15.6.2",
        "rc-util": "4.5.1",
        "rmc-feedback": "2.0.0"
      }
    },
    "rc-menu": {
      "version": "7.0.5",
      "resolved": "http://registry.npm.taobao.org/rc-menu/download/rc-menu-7.0.5.tgz",
      "integrity": "sha1-mGtl31rSJ6rfOZ6jdLmNIxOAIxY=",
      "requires": {
        "babel-runtime": "6.26.0",
        "classnames": "2.2.6",
        "dom-scroll-into-view": "1.2.1",
        "mini-store": "1.1.2",
        "prop-types": "15.6.2",
        "rc-animate": "2.4.4",
        "rc-trigger": "2.5.4",
        "rc-util": "4.5.1"
      }
    },
    "rc-notification": {
      "version": "3.2.0",
      "resolved": "http://registry.npm.taobao.org/rc-notification/download/rc-notification-3.2.0.tgz",
      "integrity": "sha1-u/tqksTlTJ7resUafoxkAR6hKrE=",
      "requires": {
        "babel-runtime": "6.26.0",
        "classnames": "2.2.6",
        "prop-types": "15.6.2",
        "rc-animate": "2.4.4",
        "rc-util": "4.5.1"
      }
    },
    "rc-pagination": {
      "version": "1.16.5",
      "resolved": "http://registry.npm.taobao.org/rc-pagination/download/rc-pagination-1.16.5.tgz",
      "integrity": "sha1-VQp1gDXhlXzPovce5uVWV9pylnk=",
      "requires": {
        "babel-runtime": "6.26.0",
        "prop-types": "15.6.2"
      }
    },
    "rc-progress": {
      "version": "2.2.5",
      "resolved": "http://registry.npm.taobao.org/rc-progress/download/rc-progress-2.2.5.tgz",
      "integrity": "sha1-5h0FRL+dQgjlujL8UJYhWef5UqM=",
      "requires": {
        "babel-runtime": "6.26.0",
        "prop-types": "15.6.2"
      }
    },
    "rc-rate": {
      "version": "2.4.2",
      "resolved": "http://registry.npm.taobao.org/rc-rate/download/rc-rate-2.4.2.tgz",
      "integrity": "sha1-wJe/26eleDzsKHySixRhzBYh+DY=",
      "requires": {
        "babel-runtime": "6.26.0",
        "classnames": "2.2.6",
        "prop-types": "15.6.2",
        "rc-util": "4.5.1"
      }
    },
    "rc-select": {
      "version": "8.1.2",
      "resolved": "http://registry.npm.taobao.org/rc-select/download/rc-select-8.1.2.tgz",
      "integrity": "sha1-sUnZcetCtvDmFiXWang5GwqIi2s=",
      "requires": {
        "babel-runtime": "6.26.0",
        "classnames": "2.2.6",
        "component-classes": "1.2.6",
        "dom-scroll-into-view": "1.2.1",
        "prop-types": "15.6.2",
        "raf": "3.4.0",
        "rc-animate": "2.4.4",
        "rc-menu": "7.0.5",
        "rc-trigger": "2.5.4",
        "rc-util": "4.5.1",
        "react-lifecycles-compat": "3.0.4",
        "warning": "3.0.0"
      },
      "dependencies": {
        "warning": {
          "version": "3.0.0",
          "resolved": "http://registry.npm.taobao.org/warning/download/warning-3.0.0.tgz",
          "integrity": "sha1-MuU3fLVy3kqwR1O9+IIcAe1gW3w=",
          "requires": {
            "loose-envify": "1.4.0"
          }
        }
      }
    },
    "rc-slider": {
      "version": "8.6.1",
      "resolved": "http://registry.npm.taobao.org/rc-slider/download/rc-slider-8.6.1.tgz",
      "integrity": "sha1-7l4DgNvfS13mlVomWw1P9hlkBdE=",
      "requires": {
        "babel-runtime": "6.26.0",
        "classnames": "2.2.6",
        "prop-types": "15.6.2",
        "rc-tooltip": "3.7.2",
        "rc-util": "4.5.1",
        "shallowequal": "1.1.0",
        "warning": "3.0.0"
      },
      "dependencies": {
        "warning": {
          "version": "3.0.0",
          "resolved": "http://registry.npm.taobao.org/warning/download/warning-3.0.0.tgz",
          "integrity": "sha1-MuU3fLVy3kqwR1O9+IIcAe1gW3w=",
          "requires": {
            "loose-envify": "1.4.0"
          }
        }
      }
    },
    "rc-steps": {
      "version": "3.1.1",
      "resolved": "http://registry.npm.taobao.org/rc-steps/download/rc-steps-3.1.1.tgz",
      "integrity": "sha1-eVg62AgwnYK44BFnYyHRU/18pAM=",
      "requires": {
        "babel-runtime": "6.26.0",
        "classnames": "2.2.6",
        "lodash": "4.17.10",
        "prop-types": "15.6.2"
      }
    },
    "rc-switch": {
      "version": "1.6.0",
      "resolved": "http://registry.npm.taobao.org/rc-switch/download/rc-switch-1.6.0.tgz",
      "integrity": "sha1-wtc2m9uHwf1F6EmJonwfsvIB0v0=",
      "requires": {
        "babel-runtime": "6.26.0",
        "classnames": "2.2.6",
        "prop-types": "15.6.2"
      }
    },
    "rc-table": {
      "version": "6.2.9",
      "resolved": "http://registry.npm.taobao.org/rc-table/download/rc-table-6.2.9.tgz",
      "integrity": "sha1-2CtvNfMFLdNE5OmCHZLuXSdiCZc=",
      "requires": {
        "babel-runtime": "6.26.0",
        "classnames": "2.2.6",
        "component-classes": "1.2.6",
        "lodash": "4.17.10",
        "mini-store": "1.1.2",
        "prop-types": "15.6.2",
        "rc-util": "4.5.1",
        "react-lifecycles-compat": "3.0.4",
        "shallowequal": "1.1.0",
        "warning": "3.0.0"
      },
      "dependencies": {
        "warning": {
          "version": "3.0.0",
          "resolved": "http://registry.npm.taobao.org/warning/download/warning-3.0.0.tgz",
          "integrity": "sha1-MuU3fLVy3kqwR1O9+IIcAe1gW3w=",
          "requires": {
            "loose-envify": "1.4.0"
          }
        }
      }
    },
    "rc-tabs": {
      "version": "9.3.6",
      "resolved": "http://registry.npm.taobao.org/rc-tabs/download/rc-tabs-9.3.6.tgz",
      "integrity": "sha1-hziQs6aBZKWBT4njQycLHOnras0=",
      "requires": {
        "babel-runtime": "6.26.0",
        "classnames": "2.2.6",
        "lodash": "4.17.10",
        "prop-types": "15.6.2",
        "rc-hammerjs": "0.6.9",
        "rc-util": "4.5.1",
        "warning": "3.0.0"
      },
      "dependencies": {
        "warning": {
          "version": "3.0.0",
          "resolved": "http://registry.npm.taobao.org/warning/download/warning-3.0.0.tgz",
          "integrity": "sha1-MuU3fLVy3kqwR1O9+IIcAe1gW3w=",
          "requires": {
            "loose-envify": "1.4.0"
          }
        }
      }
    },
    "rc-time-picker": {
      "version": "3.3.1",
      "resolved": "http://registry.npm.taobao.org/rc-time-picker/download/rc-time-picker-3.3.1.tgz",
      "integrity": "sha1-lPi71R5rk94fAeeAZK7x5tdls2c=",
      "requires": {
        "babel-runtime": "6.26.0",
        "classnames": "2.2.6",
        "moment": "2.22.2",
        "prop-types": "15.6.2",
        "rc-trigger": "2.5.4"
      }
    },
    "rc-tooltip": {
      "version": "3.7.2",
      "resolved": "http://registry.npm.taobao.org/rc-tooltip/download/rc-tooltip-3.7.2.tgz",
      "integrity": "sha1-NphlbUus1Rty2eMnvtFdHVqfGyc=",
      "requires": {
        "babel-runtime": "6.26.0",
        "prop-types": "15.6.2",
        "rc-trigger": "2.5.4"
      }
    },
    "rc-tree": {
      "version": "1.14.4",
      "resolved": "http://registry.npm.taobao.org/rc-tree/download/rc-tree-1.14.4.tgz",
      "integrity": "sha1-ja5NkErQng7xy2EwkfKm1hGVcTc=",
      "requires": {
        "babel-runtime": "6.26.0",
        "classnames": "2.2.6",
        "prop-types": "15.6.2",
        "rc-animate": "3.0.0-rc.6",
        "rc-util": "4.5.1",
        "react-lifecycles-compat": "3.0.4",
        "warning": "3.0.0"
      },
      "dependencies": {
        "rc-animate": {
          "version": "3.0.0-rc.6",
          "resolved": "http://registry.npm.taobao.org/rc-animate/download/rc-animate-3.0.0-rc.6.tgz",
          "integrity": "sha1-BCiO76EY4MriFFNsipA/+qwbw/s=",
          "requires": {
            "babel-runtime": "6.26.0",
            "classnames": "2.2.6",
            "component-classes": "1.2.6",
            "fbjs": "0.8.17",
            "prop-types": "15.6.2",
            "raf": "3.4.0",
            "rc-util": "4.5.1",
            "react-lifecycles-compat": "3.0.4"
          }
        },
        "warning": {
          "version": "3.0.0",
          "resolved": "http://registry.npm.taobao.org/warning/download/warning-3.0.0.tgz",
          "integrity": "sha1-MuU3fLVy3kqwR1O9+IIcAe1gW3w=",
          "requires": {
            "loose-envify": "1.4.0"
          }
        }
      }
    },
    "rc-tree-select": {
      "version": "2.1.1",
      "resolved": "http://registry.npm.taobao.org/rc-tree-select/download/rc-tree-select-2.1.1.tgz",
      "integrity": "sha1-f/GOfaJ5yUoMTLT4HqDhWetO+QE=",
      "requires": {
        "babel-runtime": "6.26.0",
        "classnames": "2.2.6",
        "prop-types": "15.6.2",
        "raf": "3.4.0",
        "rc-animate": "3.0.0-rc.6",
        "rc-tree": "1.14.4",
        "rc-trigger": "3.0.0-rc.3",
        "rc-util": "4.5.1",
        "react-lifecycles-compat": "3.0.4",
        "shallowequal": "1.1.0",
        "warning": "4.0.2"
      },
      "dependencies": {
        "rc-animate": {
          "version": "3.0.0-rc.6",
          "resolved": "http://registry.npm.taobao.org/rc-animate/download/rc-animate-3.0.0-rc.6.tgz",
          "integrity": "sha1-BCiO76EY4MriFFNsipA/+qwbw/s=",
          "requires": {
            "babel-runtime": "6.26.0",
            "classnames": "2.2.6",
            "component-classes": "1.2.6",
            "fbjs": "0.8.17",
            "prop-types": "15.6.2",
            "raf": "3.4.0",
            "rc-util": "4.5.1",
            "react-lifecycles-compat": "3.0.4"
          }
        },
        "rc-trigger": {
          "version": "3.0.0-rc.3",
          "resolved": "http://registry.npm.taobao.org/rc-trigger/download/rc-trigger-3.0.0-rc.3.tgz",
          "integrity": "sha1-NYQt8WdNJTFeFCakSIKkyXZSJYs=",
          "requires": {
            "babel-runtime": "6.26.0",
            "classnames": "2.2.6",
            "prop-types": "15.6.2",
            "raf": "3.4.0",
            "rc-align": "2.4.3",
            "rc-animate": "3.0.0-rc.6",
            "rc-util": "4.5.1"
          }
        }
      }
    },
    "rc-trigger": {
      "version": "2.5.4",
      "resolved": "http://registry.npm.taobao.org/rc-trigger/download/rc-trigger-2.5.4.tgz",
      "integrity": "sha1-kIiiS6WoEbJU90LwBOOKni+IQ/s=",
      "requires": {
        "babel-runtime": "6.26.0",
        "classnames": "2.2.6",
        "prop-types": "15.6.2",
        "rc-align": "2.4.3",
        "rc-animate": "2.4.4",
        "rc-util": "4.5.1"
      }
    },
    "rc-upload": {
      "version": "2.5.1",
      "resolved": "http://registry.npm.taobao.org/rc-upload/download/rc-upload-2.5.1.tgz",
      "integrity": "sha1-euDJA42YuodQ6UZtj5aeG0vJ8OA=",
      "requires": {
        "babel-runtime": "6.26.0",
        "classnames": "2.2.6",
        "prop-types": "15.6.2",
        "warning": "2.1.0"
      },
      "dependencies": {
        "warning": {
          "version": "2.1.0",
          "resolved": "http://registry.npm.taobao.org/warning/download/warning-2.1.0.tgz",
          "integrity": "sha1-ISINnGOvx3qMkhEeARr3Bc4MaQE=",
          "requires": {
            "loose-envify": "1.4.0"
          }
        }
      }
    },
    "rc-util": {
      "version": "4.5.1",
      "resolved": "http://registry.npm.taobao.org/rc-util/download/rc-util-4.5.1.tgz",
      "integrity": "sha1-DkNQVxdMAkkBx2ALqJA90D2jqzk=",
      "requires": {
        "add-dom-event-listener": "1.0.2",
        "babel-runtime": "6.26.0",
        "prop-types": "15.6.2",
        "shallowequal": "0.2.2"
      },
      "dependencies": {
        "shallowequal": {
          "version": "0.2.2",
          "resolved": "http://registry.npm.taobao.org/shallowequal/download/shallowequal-0.2.2.tgz",
          "integrity": "sha1-HjL9W8q2rWiKSBLLDMBO/HXHAU4=",
          "requires": {
            "lodash.keys": "3.1.2"
          }
        }
      }
    },
    "react": {
      "version": "16.4.2",
      "resolved": "http://registry.npm.taobao.org/react/download/react-16.4.2.tgz",
      "integrity": "sha1-LNkBVOOp2d2NopkRSf3KPCYOEp8=",
      "requires": {
        "fbjs": "0.8.17",
        "loose-envify": "1.4.0",
        "object-assign": "4.1.1",
        "prop-types": "15.6.2"
      }
    },
    "react-dom": {
      "version": "16.4.2",
      "resolved": "http://registry.npm.taobao.org/react-dom/download/react-dom-16.4.2.tgz",
      "integrity": "sha1-Sv7VaWifLFYdK42guBlmnDigvaQ=",
      "requires": {
        "fbjs": "0.8.17",
        "loose-envify": "1.4.0",
        "object-assign": "4.1.1",
        "prop-types": "15.6.2"
      }
    },
    "react-lazy-load": {
      "version": "3.0.13",
      "resolved": "http://registry.npm.taobao.org/react-lazy-load/download/react-lazy-load-3.0.13.tgz",
      "integrity": "sha1-OwqS0zbUPT8Nc8vm81sXBQsIuCQ=",
      "requires": {
        "eventlistener": "0.0.1",
        "lodash.debounce": "4.0.8",
        "lodash.throttle": "4.1.1",
        "prop-types": "15.6.2"
      }
    },
    "react-lifecycles-compat": {
      "version": "3.0.4",
      "resolved": "http://registry.npm.taobao.org/react-lifecycles-compat/download/react-lifecycles-compat-3.0.4.tgz",
      "integrity": "sha1-TxonOv38jzSIqMUWv9p4+HI1I2I="
    },
    "react-slick": {
      "version": "0.23.1",
      "resolved": "http://registry.npm.taobao.org/react-slick/download/react-slick-0.23.1.tgz",
      "integrity": "sha1-FXkcQQfwujpWiNW9l7e3zqoN0YE=",
      "requires": {
        "classnames": "2.2.6",
        "enquire.js": "2.1.6",
        "json2mq": "0.2.0",
        "lodash.debounce": "4.0.8",
        "resize-observer-polyfill": "1.5.0"
      }
    },
    "regenerator-runtime": {
      "version": "0.11.1",
      "resolved": "http://registry.npm.taobao.org/regenerator-runtime/download/regenerator-runtime-0.11.1.tgz",
      "integrity": "sha1-vgWtf5v30i4Fb5cmzuUBf78Z4uk="
    },
    "request": {
      "version": "2.88.0",
      "resolved": "http://registry.npm.taobao.org/request/download/request-2.88.0.tgz",
      "integrity": "sha1-nC/KT301tZLv5Xx/ClXoEFIST+8=",
      "requires": {
        "aws-sign2": "0.7.0",
        "aws4": "1.8.0",
        "caseless": "0.12.0",
        "combined-stream": "1.0.6",
        "extend": "3.0.2",
        "forever-agent": "0.6.1",
        "form-data": "2.3.2",
        "har-validator": "5.1.0",
        "http-signature": "1.2.0",
        "is-typedarray": "1.0.0",
        "isstream": "0.1.2",
        "json-stringify-safe": "5.0.1",
        "mime-types": "2.1.20",
        "oauth-sign": "0.9.0",
        "performance-now": "2.1.0",
        "qs": "6.5.2",
        "safe-buffer": "5.1.2",
        "tough-cookie": "2.4.3",
        "tunnel-agent": "0.6.0",
        "uuid": "3.3.2"
      }
    },
    "resize-observer-polyfill": {
      "version": "1.5.0",
      "resolved": "http://registry.npm.taobao.org/resize-observer-polyfill/download/resize-observer-polyfill-1.5.0.tgz",
      "integrity": "sha1-Zg/x2XEqI4K6osrUUKRxYgn5ymk="
    },
    "rmc-feedback": {
      "version": "2.0.0",
      "resolved": "http://registry.npm.taobao.org/rmc-feedback/download/rmc-feedback-2.0.0.tgz",
      "integrity": "sha1-y8bLOuY8emNe7w4l5PuvWsNm7qo=",
      "requires": {
        "babel-runtime": "6.26.0",
        "classnames": "2.2.6"
      }
    },
    "safe-buffer": {
      "version": "5.1.2",
      "resolved": "http://registry.npm.taobao.org/safe-buffer/download/safe-buffer-5.1.2.tgz",
      "integrity": "sha1-mR7GnSluAxN0fVm9/St0XDX4go0="
    },
    "safer-buffer": {
      "version": "2.1.2",
      "resolved": "http://registry.npm.taobao.org/safer-buffer/download/safer-buffer-2.1.2.tgz",
      "integrity": "sha1-RPoWGwGHuVSd2Eu5GAL5vYOFzWo="
    },
    "setimmediate": {
      "version": "1.0.5",
      "resolved": "http://registry.npm.taobao.org/setimmediate/download/setimmediate-1.0.5.tgz",
      "integrity": "sha1-KQy7Iy4waULX1+qbg3Mqt4VvgoU="
    },
    "shallow-equal": {
      "version": "1.0.0",
      "resolved": "http://registry.npm.taobao.org/shallow-equal/download/shallow-equal-1.0.0.tgz",
      "integrity": "sha1-UI0YOLPeWQq4dXsBGyXkMJAJRfc="
    },
    "shallowequal": {
      "version": "1.1.0",
      "resolved": "http://registry.npm.taobao.org/shallowequal/download/shallowequal-1.1.0.tgz",
      "integrity": "sha1-GI1SHelbkIdAT9TctosT3wrk5/g="
    },
    "sshpk": {
      "version": "1.14.2",
      "resolved": "http://registry.npm.taobao.org/sshpk/download/sshpk-1.14.2.tgz",
      "integrity": "sha1-xvxhZIo9nE52T9P8306hBeSSupg=",
      "requires": {
        "asn1": "0.2.4",
        "assert-plus": "1.0.0",
        "bcrypt-pbkdf": "1.0.2",
        "dashdash": "1.14.1",
        "ecc-jsbn": "0.1.2",
        "getpass": "0.1.7",
        "jsbn": "0.1.1",
        "safer-buffer": "2.1.2",
        "tweetnacl": "0.14.5"
      }
    },
    "string-convert": {
      "version": "0.2.1",
      "resolved": "http://registry.npm.taobao.org/string-convert/download/string-convert-0.2.1.tgz",
      "integrity": "sha1-aYLMMEn7tM2F+LJFaLnZvznu/5c="
    },
    "tough-cookie": {
      "version": "2.4.3",
      "resolved": "http://registry.npm.taobao.org/tough-cookie/download/tough-cookie-2.4.3.tgz",
      "integrity": "sha1-U/Nto/R3g7CSWvoG/587FlKA94E=",
      "requires": {
        "psl": "1.1.29",
        "punycode": "1.4.1"
      }
    },
    "tunnel-agent": {
      "version": "0.6.0",
      "resolved": "http://registry.npm.taobao.org/tunnel-agent/download/tunnel-agent-0.6.0.tgz",
      "integrity": "sha1-J6XeoGs2sEoKmWZ3SykIaPD8QP0=",
      "requires": {
        "safe-buffer": "5.1.2"
      }
    },
    "tweetnacl": {
      "version": "0.14.5",
      "resolved": "http://registry.npm.taobao.org/tweetnacl/download/tweetnacl-0.14.5.tgz",
      "integrity": "sha1-WuaBd/GS1EViadEIr6k/+HQ/T2Q=",
      "optional": true
    },
    "ua-parser-js": {
      "version": "0.7.18",
      "resolved": "http://registry.npm.taobao.org/ua-parser-js/download/ua-parser-js-0.7.18.tgz",
      "integrity": "sha1-p7/ZL1bt+xFwg7aeMdKqiILUse0="
    },
    "uuid": {
      "version": "3.3.2",
      "resolved": "http://registry.npm.taobao.org/uuid/download/uuid-3.3.2.tgz",
      "integrity": "sha1-G0r0lV6zB3xQHCOHL8ZROBFYcTE="
    },
    "verror": {
      "version": "1.10.0",
      "resolved": "http://registry.npm.taobao.org/verror/download/verror-1.10.0.tgz",
      "integrity": "sha1-OhBcoXBTr1XW4nDB+CiGguGNpAA=",
      "requires": {
        "assert-plus": "1.0.0",
        "core-util-is": "1.0.2",
        "extsprintf": "1.3.0"
      }
    },
    "warning": {
      "version": "4.0.2",
      "resolved": "http://registry.npm.taobao.org/warning/download/warning-4.0.2.tgz",
      "integrity": "sha1-qmh2SAhyEW+j4R1DSw0NjZHkRgc=",
      "requires": {
        "loose-envify": "1.4.0"
      }
    },
    "whatwg-fetch": {
      "version": "2.0.4",
      "resolved": "http://registry.npm.taobao.org/whatwg-fetch/download/whatwg-fetch-2.0.4.tgz",
      "integrity": "sha1-3eal3zFfnTmZGqF2IYU9cguFVm8="
    }
  }
}
